
Microsoft Visual Studio Solution File, Format Version 12.00
# Visual Studio Version 16
VisualStudioVersion = 16.0.30804.86
MinimumVisualStudioVersion = 10.0.40219.1
Project("{2150E333-8FDC-42A3-9474-1A3956D46DE8}") = "DesignPatterns", "DesignPatterns", "{49193385-6382-40FA-AC12-AAD6CE305CD6}"
EndProject
Project("{FAE04EC0-301F-11D3-BF4B-00C04F79EFBC}") = "AbstractFactory", "AbstractFactory\AbstractFactory.csproj", "{CDA82B44-E48C-4821-BAA5-0A40A2A96165}"
EndProject
Project("{2150E333-8FDC-42A3-9474-1A3956D46DE8}") = "Prism", "Prism", "{0EE1B63F-3036-4C25-9363-D6916371E246}"
EndProject
Project("{FAE04EC0-301F-11D3-BF4B-00C04F79EFBC}") = "PrismExampleWpf", "PrismExampleWpf\PrismExampleWpf.csproj", "{9B8F9AD8-BCF5-440D-B679-0ECAE91E38A5}"
EndProject
Project("{FAE04EC0-301F-11D3-BF4B-00C04F79EFBC}") = "Infrastructure", "Infrastructure\Infrastructure.csproj", "{32DCB1E4-32FB-4432-9085-E80FC8AC7EDC}"
EndProject
Project("{FAE04EC0-301F-11D3-BF4B-00C04F79EFBC}") = "MailListModule", "MailListModule\MailListModule.csproj", "{57957819-08DF-4522-852D-34560DDCEFE5}"
EndProject
Project("{FAE04EC0-301F-11D3-BF4B-00C04F79EFBC}") = "MailContextModule", "MailContextModule\MailContextModule.csproj", "{A2C45D42-62F9-497B-87D8-97B3281705CC}"
EndProject
Global
	GlobalSection(SolutionConfigurationPlatforms) = preSolution
		Debug|Any CPU = Debug|Any CPU
		Release|Any CPU = Release|Any CPU
	EndGlobalSection
	GlobalSection(ProjectConfigurationPlatforms) = postSolution
		{CDA82B44-E48C-4821-BAA5-0A40A2A96165}.Debug|Any CPU.ActiveCfg = Debug|Any CPU
		{CDA82B44-E48C-4821-BAA5-0A40A2A96165}.Debug|Any CPU.Build.0 = Debug|Any CPU
		{CDA82B44-E48C-4821-BAA5-0A40A2A96165}.Release|Any CPU.ActiveCfg = Release|Any CPU
		{CDA82B44-E48C-4821-BAA5-0A40A2A96165}.Release|Any CPU.Build.0 = Release|Any CPU
		{9B8F9AD8-BCF5-440D-B679-0ECAE91E38A5}.Debug|Any CPU.ActiveCfg = Debug|Any CPU
		{9B8F9AD8-BCF5-440D-B679-0ECAE91E38A5}.Debug|Any CPU.Build.0 = Debug|Any CPU
		{9B8F9AD8-BCF5-440D-B679-0ECAE91E38A5}.Release|Any CPU.ActiveCfg = Release|Any CPU
		{9B8F9AD8-BCF5-440D-B679-0ECAE91E38A5}.Release|Any CPU.Build.0 = Release|Any CPU
		{32DCB1E4-32FB-4432-9085-E80FC8AC7EDC}.Debug|Any CPU.ActiveCfg = Debug|Any CPU
		{32DCB1E4-32FB-4432-9085-E80FC8AC7EDC}.Debug|Any CPU.Build.0 = Debug|Any CPU
		{32DCB1E4-32FB-4432-9085-E80FC8AC7EDC}.Release|Any CPU.ActiveCfg = Release|Any CPU
		{32DCB1E4-32FB-4432-9085-E80FC8AC7EDC}.Release|Any CPU.Build.0 = Release|Any CPU
		{57957819-08DF-4522-852D-34560DDCEFE5}.Debug|Any CPU.ActiveCfg = Debug|Any CPU
		{57957819-08DF-4522-852D-34560DDCEFE5}.Debug|Any CPU.Build.0 = Debug|Any CPU
		{57957819-08DF-4522-852D-34560DDCEFE5}.Release|Any CPU.ActiveCfg = Release|Any CPU
		{57957819-08DF-4522-852D-34560DDCEFE5}.Release|Any CPU.Build.0 = Release|Any CPU
		{A2C45D42-62F9-497B-87D8-97B3281705CC}.Debug|Any CPU.ActiveCfg = Debug|Any CPU
		{A2C45D42-62F9-497B-87D8-97B3281705CC}.Debug|Any CPU.Build.0 = Debug|Any CPU
		{A2C45D42-62F9-497B-87D8-97B3281705CC}.Release|Any CPU.ActiveCfg = Release|Any CPU
		{A2C45D42-62F9-497B-87D8-97B3281705CC}.Release|Any CPU.Build.0 = Release|Any CPU
	EndGlobalSection
	GlobalSection(SolutionProperties) = preSolution
		HideSolutionNode = FALSE
	EndGlobalSection
	GlobalSection(NestedProjects) = preSolution
		{CDA82B44-E48C-4821-BAA5-0A40A2A96165} = {49193385-6382-40FA-AC12-AAD6CE305CD6}
		{9B8F9AD8-BCF5-440D-B679-0ECAE91E38A5} = {0EE1B63F-3036-4C25-9363-D6916371E246}
		{32DCB1E4-32FB-4432-9085-E80FC8AC7EDC} = {0EE1B63F-3036-4C25-9363-D6916371E246}
		{57957819-08DF-4522-852D-34560DDCEFE5} = {0EE1B63F-3036-4C25-9363-D6916371E246}
		{A2C45D42-62F9-497B-87D8-97B3281705CC} = {0EE1B63F-3036-4C25-9363-D6916371E246}
	EndGlobalSection
	GlobalSection(ExtensibilityGlobals) = postSolution
		SolutionGuid = {B6C668E3-9DE8-4FAC-85A4-02E036D936E4}
	EndGlobalSection
EndGlobal
